
Microsoft Visual Studio Solution File, Format Version 12.00
# Visual Studio 2017
Project("{FAE04EC0-301F-11D3-BF4B-00C04F79EFBC}") = "NuclearPowerPlantSim", "NuclearPowerPlantSim.csproj", "{661D9411-3A88-37FA-841F-52F205DCE2E1}"
EndProject
Project("{FAE04EC0-301F-11D3-BF4B-00C04F79EFBC}") = "NuclearPowerPlantSim.Plugins", "NuclearPowerPlantSim.Plugins.csproj", "{1561080F-6DCB-6583-58F4-74B49C20CF5A}"
EndProject
Project("{FAE04EC0-301F-11D3-BF4B-00C04F79EFBC}") = "NuclearPowerPlantSim.Editor.Plugins", "NuclearPowerPlantSim.Editor.Plugins.csproj", "{FDF68DB4-EC97-C4FF-345C-CC237AEED9DF}"
EndProject
Global
	GlobalSection(SolutionConfigurationPlatforms) = preSolution
		Debug|Any CPU = Debug|Any CPU
		Release|Any CPU = Release|Any CPU
	EndGlobalSection
	GlobalSection(ProjectConfigurationPlatforms) = postSolution
		{661D9411-3A88-37FA-841F-52F205DCE2E1}.Debug|Any CPU.ActiveCfg = Debug|Any CPU
		{661D9411-3A88-37FA-841F-52F205DCE2E1}.Debug|Any CPU.Build.0 = Debug|Any CPU
		{661D9411-3A88-37FA-841F-52F205DCE2E1}.Release|Any CPU.ActiveCfg = Release|Any CPU
		{661D9411-3A88-37FA-841F-52F205DCE2E1}.Release|Any CPU.Build.0 = Release|Any CPU
		{1561080F-6DCB-6583-58F4-74B49C20CF5A}.Debug|Any CPU.ActiveCfg = Debug|Any CPU
		{1561080F-6DCB-6583-58F4-74B49C20CF5A}.Debug|Any CPU.Build.0 = Debug|Any CPU
		{1561080F-6DCB-6583-58F4-74B49C20CF5A}.Release|Any CPU.ActiveCfg = Release|Any CPU
		{1561080F-6DCB-6583-58F4-74B49C20CF5A}.Release|Any CPU.Build.0 = Release|Any CPU
		{FDF68DB4-EC97-C4FF-345C-CC237AEED9DF}.Debug|Any CPU.ActiveCfg = Debug|Any CPU
		{FDF68DB4-EC97-C4FF-345C-CC237AEED9DF}.Debug|Any CPU.Build.0 = Debug|Any CPU
		{FDF68DB4-EC97-C4FF-345C-CC237AEED9DF}.Release|Any CPU.ActiveCfg = Release|Any CPU
		{FDF68DB4-EC97-C4FF-345C-CC237AEED9DF}.Release|Any CPU.Build.0 = Release|Any CPU
	EndGlobalSection
	GlobalSection(SolutionProperties) = preSolution
		HideSolutionNode = FALSE
	EndGlobalSection
EndGlobal
