
Microsoft Visual Studio Solution File, Format Version 12.00
# Visual Studio 15
Project("{FAE04EC0-301F-11D3-BF4B-00C04F79EFBC}") = "NuclearPowerPlantSim", "Assembly-CSharp.csproj", "{7B314CE8-4E9E-0C7F-D1AF-8414C8C57CE7}"
EndProject
Project("{FAE04EC0-301F-11D3-BF4B-00C04F79EFBC}") = "NuclearPowerPlantSim", "Assembly-CSharp-firstpass.csproj", "{A78DBEF3-2136-5464-456C-021DC0082AF3}"
EndProject
Project("{FAE04EC0-301F-11D3-BF4B-00C04F79EFBC}") = "NuclearPowerPlantSim", "Assembly-CSharp-Editor-firstpass.csproj", "{48DFF13D-F789-7D2F-65BE-7A0DEE770D81}"
EndProject
Global
	GlobalSection(SolutionConfigurationPlatforms) = preSolution
		Debug|Any CPU = Debug|Any CPU
		Release|Any CPU = Release|Any CPU
	EndGlobalSection
	GlobalSection(ProjectConfigurationPlatforms) = postSolution
		{7B314CE8-4E9E-0C7F-D1AF-8414C8C57CE7}.Debug|Any CPU.ActiveCfg = Debug|Any CPU
		{7B314CE8-4E9E-0C7F-D1AF-8414C8C57CE7}.Debug|Any CPU.Build.0 = Debug|Any CPU
		{7B314CE8-4E9E-0C7F-D1AF-8414C8C57CE7}.Release|Any CPU.ActiveCfg = Release|Any CPU
		{7B314CE8-4E9E-0C7F-D1AF-8414C8C57CE7}.Release|Any CPU.Build.0 = Release|Any CPU
		{A78DBEF3-2136-5464-456C-021DC0082AF3}.Debug|Any CPU.ActiveCfg = Debug|Any CPU
		{A78DBEF3-2136-5464-456C-021DC0082AF3}.Debug|Any CPU.Build.0 = Debug|Any CPU
		{A78DBEF3-2136-5464-456C-021DC0082AF3}.Release|Any CPU.ActiveCfg = Release|Any CPU
		{A78DBEF3-2136-5464-456C-021DC0082AF3}.Release|Any CPU.Build.0 = Release|Any CPU
		{48DFF13D-F789-7D2F-65BE-7A0DEE770D81}.Debug|Any CPU.ActiveCfg = Debug|Any CPU
		{48DFF13D-F789-7D2F-65BE-7A0DEE770D81}.Debug|Any CPU.Build.0 = Debug|Any CPU
		{48DFF13D-F789-7D2F-65BE-7A0DEE770D81}.Release|Any CPU.ActiveCfg = Release|Any CPU
		{48DFF13D-F789-7D2F-65BE-7A0DEE770D81}.Release|Any CPU.Build.0 = Release|Any CPU
	EndGlobalSection
	GlobalSection(SolutionProperties) = preSolution
		HideSolutionNode = FALSE
	EndGlobalSection
EndGlobal
